
Microsoft Visual Studio Solution File, Format Version 12.00
# Visual Studio Version 17
VisualStudioVersion = 17.9.34728.123
MinimumVisualStudioVersion = 10.0.40219.1
Project("{FAE04EC0-301F-11D3-BF4B-00C04F79EFBC}") = "WebApi", "WebApi\WebApi.csproj", "{F6AB9ED7-7C70-4C38-B38E-BB6AB844E3B9}"
EndProject
Global
	GlobalSection(SolutionConfigurationPlatforms) = preSolution
		Debug|Any CPU = Debug|Any CPU
		Release|Any CPU = Release|Any CPU
	EndGlobalSection
	GlobalSection(ProjectConfigurationPlatforms) = postSolution
		{F6AB9ED7-7C70-4C38-B38E-BB6AB844E3B9}.Debug|Any CPU.ActiveCfg = Debug|Any CPU
		{F6AB9ED7-7C70-4C38-B38E-BB6AB844E3B9}.Debug|Any CPU.Build.0 = Debug|Any CPU
		{F6AB9ED7-7C70-4C38-B38E-BB6AB844E3B9}.Release|Any CPU.ActiveCfg = Release|Any CPU
		{F6AB9ED7-7C70-4C38-B38E-BB6AB844E3B9}.Release|Any CPU.Build.0 = Release|Any CPU
	EndGlobalSection
	GlobalSection(SolutionProperties) = preSolution
		HideSolutionNode = FALSE
	EndGlobalSection
	GlobalSection(ExtensibilityGlobals) = postSolution
		SolutionGuid = {7F704A6D-6A3D-4519-AB67-25EC6B7968C6}
	EndGlobalSection
EndGlobal
